version = 1
revision = 3
requires-python = "==3.12.*"
resolution-markers = [
    "sys_platform == 'darwin'",
    "sys_platform == 'linux'",
]
supported-markers = [
    "sys_platform == 'darwin'",
    "sys_platform == 'linux'",
]

[[package]]
name = "anyio"
version = "4.12.0"
source = { registry = "https://pypi.org/simple" }
dependencies = [
    { name = "idna", marker = "sys_platform == 'darwin' or sys_platform == 'linux'" },
    { name = "typing-extensions", marker = "sys_platform == 'darwin' or sys_platform == 'linux'" },
]
sdist = { url = "https://files.pythonhosted.org/packages/16/ce/8a777047513153587e5434fd752e89334ac33e379aa3497db860eeb60377/anyio-4.12.0.tar.gz", hash = "sha256:73c693b567b0c55130c104d0b43a9baf3aa6a31fc6110116509f27bf75e21ec0", size = 228266, upload-time = "2025-11-28T23:37:38.911Z" }
wheels = [
    { url = "https://files.pythonhosted.org/packages/7f/9c/36c5c37947ebfb8c7f22e0eb6e4d188ee2d53aa3880f3f2744fb894f0cb1/anyio-4.12.0-py3-none-any.whl", hash = "sha256:dad2376a628f98eeca4881fc56cd06affd18f659b17a747d3ff0307ced94b1bb", size = 113362, upload-time = "2025-11-28T23:36:57.897Z" },
]

[[package]]
name = "certifi"
version = "2025.11.12"
source = { registry = "https://pypi.org/simple" }
sdist = { url = "https://files.pythonhosted.org/packages/a2/8c/58f469717fa48465e4a50c014a0400602d3c437d7c0c468e17ada824da3a/certifi-2025.11.12.tar.gz", hash = "sha256:d8ab5478f2ecd78af242878415affce761ca6bc54a22a27e026d7c25357c3316", size = 160538, upload-time = "2025-11-12T02:54:51.517Z" }
wheels = [
    { url = "https://files.pythonhosted.org/packages/70/7d/9bc192684cea499815ff478dfcdc13835ddf401365057044fb721ec6bddb/certifi-2025.11.12-py3-none-any.whl", hash = "sha256:97de8790030bbd5c2d96b7ec782fc2f7820ef8dba6db909ccf95449f2d062d4b", size = 159438, upload-time = "2025-11-12T02:54:49.735Z" },
]

[[package]]
name = "charset-normalizer"
version = "3.4.4"
source = { registry = "https://pypi.org/simple" }
sdist = { url = "https://files.pythonhosted.org/packages/13/69/33ddede1939fdd074bce5434295f38fae7136463422fe4fd3e0e89b98062/charset_normalizer-3.4.4.tar.gz", hash = "sha256:94537985111c35f28720e43603b8e7b43a6ecfb2ce1d3058bbe955b73404e21a", size = 129418, upload-time = "2025-10-14T04:42:32.879Z" }
wheels = [
    { url = "https://files.pythonhosted.org/packages/f3/85/1637cd4af66fa687396e757dec650f28025f2a2f5a5531a3208dc0ec43f2/charset_normalizer-3.4.4-cp312-cp312-macosx_10_13_universal2.whl", hash = "sha256:0a98e6759f854bd25a58a73fa88833fba3b7c491169f86ce1180c948ab3fd394", size = 208425, upload-time = "2025-10-14T04:40:53.353Z" },
    { url = "https://files.pythonhosted.org/packages/9d/6a/04130023fef2a0d9c62d0bae2649b69f7b7d8d24ea5536feef50551029df/charset_normalizer-3.4.4-cp312-cp312-manylinux2014_aarch64.manylinux_2_17_aarch64.manylinux_2_28_aarch64.whl", hash = "sha256:b5b290ccc2a263e8d185130284f8501e3e36c5e02750fc6b6bdeb2e9e96f1e25", size = 148162, upload-time = "2025-10-14T04:40:54.558Z" },
    { url = "https://files.pythonhosted.org/packages/78/29/62328d79aa60da22c9e0b9a66539feae06ca0f5a4171ac4f7dc285b83688/charset_normalizer-3.4.4-cp312-cp312-manylinux2014_armv7l.manylinux_2_17_armv7l.manylinux_2_31_armv7l.whl", hash = "sha256:74bb723680f9f7a6234dcf67aea57e708ec1fbdf5699fb91dfd6f511b0a320ef", size = 144558, upload-time = "2025-10-14T04:40:55.677Z" },
    { url = "https://files.pythonhosted.org/packages/86/bb/b32194a4bf15b88403537c2e120b817c61cd4ecffa9b6876e941c3ee38fe/charset_normalizer-3.4.4-cp312-cp312-manylinux2014_ppc64le.manylinux_2_17_ppc64le.manylinux_2_28_ppc64le.whl", hash = "sha256:f1e34719c6ed0b92f418c7c780480b26b5d9c50349e9a9af7d76bf757530350d", size = 161497, upload-time = "2025-10-14T04:40:57.217Z" },
    { url = "https://files.pythonhosted.org/packages/19/89/a54c82b253d5b9b111dc74aca196ba5ccfcca8242d0fb64146d4d3183ff1/charset_normalizer-3.4.4-cp312-cp312-manylinux2014_s390x.manylinux_2_17_s390x.manylinux_2_28_s390x.whl", hash = "sha256:2437418e20515acec67d86e12bf70056a33abdacb5cb1655042f6538d6b085a8", size = 159240, upload-time = "2025-10-14T04:40:58.358Z" },
    { url = "https://files.pythonhosted.org/packages/c0/10/d20b513afe03acc89ec33948320a5544d31f21b05368436d580dec4e234d/charset_normalizer-3.4.4-cp312-cp312-manylinux2014_x86_64.manylinux_2_17_x86_64.manylinux_2_28_x86_64.whl", hash = "sha256:11d694519d7f29d6cd09f6ac70028dba10f92f6cdd059096db198c283794ac86", size = 153471, upload-time = "2025-10-14T04:40:59.468Z" },
    { url = "https://files.pythonhosted.org/packages/61/fa/fbf177b55bdd727010f9c0a3c49eefa1d10f960e5f09d1d887bf93c2e698/charset_normalizer-3.4.4-cp312-cp312-manylinux_2_31_riscv64.manylinux_2_39_riscv64.whl", hash = "sha256:ac1c4a689edcc530fc9d9aa11f5774b9e2f33f9a0c6a57864e90908f5208d30a", size = 150864, upload-time = "2025-10-14T04:41:00.623Z" },
    { url = "https://files.pythonhosted.org/packages/05/12/9fbc6a4d39c0198adeebbde20b619790e9236557ca59fc40e0e3cebe6f40/charset_normalizer-3.4.4-cp312-cp312-musllinux_1_2_aarch64.whl", hash = "sha256:21d142cc6c0ec30d2efee5068ca36c128a30b0f2c53c1c07bd78cb6bc1d3be5f", size = 150647, upload-time = "2025-10-14T04:41:01.754Z" },
    { url = "https://files.pythonhosted.org/packages/ad/1f/6a9a593d52e3e8c5d2b167daf8c6b968808efb57ef4c210acb907c365bc4/charset_normalizer-3.4.4-cp312-cp312-musllinux_1_2_armv7l.whl", hash = "sha256:5dbe56a36425d26d6cfb40ce79c314a2e4dd6211d51d6d2191c00bed34f354cc", size = 145110, upload-time = "2025-10-14T04:41:03.231Z" },
    { url = "https://files.pythonhosted.org/packages/30/42/9a52c609e72471b0fc54386dc63c3781a387bb4fe61c20231a4ebcd58bdd/charset_normalizer-3.4.4-cp312-cp312-musllinux_1_2_ppc64le.whl", hash = "sha256:5bfbb1b9acf3334612667b61bd3002196fe2a1eb4dd74d247e0f2a4d50ec9bbf", size = 162839, upload-time = "2025-10-14T04:41:04.715Z" },
    { url = "https://files.pythonhosted.org/packages/c4/5b/c0682bbf9f11597073052628ddd38344a3d673fda35a36773f7d19344b23/charset_normalizer-3.4.4-cp312-cp312-musllinux_1_2_riscv64.whl", hash = "sha256:d055ec1e26e441f6187acf818b73564e6e6282709e9bcb5b63f5b23068356a15", size = 150667, upload-time = "2025-10-14T04:41:05.827Z" },
    { url = "https://files.pythonhosted.org/packages/e4/24/a41afeab6f990cf2daf6cb8c67419b63b48cf518e4f56022230840c9bfb2/charset_normalizer-3.4.4-cp312-cp312-musllinux_1_2_s390x.whl", hash = "sha256:af2d8c67d8e573d6de5bc30cdb27e9b95e49115cd9baad5ddbd1a6207aaa82a9", size = 160535, upload-time = "2025-10-14T04:41:06.938Z" },
    { url = "https://files.pythonhosted.org/packages/2a/e5/6a4ce77ed243c4a50a1fecca6aaaab419628c818a49434be428fe24c9957/charset_normalizer-3.4.4-cp312-cp312-musllinux_1_2_x86_64.whl", hash = "sha256:780236ac706e66881f3b7f2f32dfe90507a09e67d1d454c762cf642e6e1586e0", size = 154816, upload-time = "2025-10-14T04:41:08.101Z" },
    { url = "https://files.pythonhosted.org/packages/0a/4c/925909008ed5a988ccbb72dcc897407e5d6d3bd72410d69e051fc0c14647/charset_normalizer-3.4.4-py3-none-any.whl", hash = "sha256:7a32c560861a02ff789ad905a2fe94e3f840803362c84fecf1851cb4cf3dc37f", size = 53402, upload-time = "2025-10-14T04:42:31.76Z" },
]

[[package]]
name = "glfw"
version = "2.10.0"
source = { registry = "https://pypi.org/simple" }
sdist = { url = "https://files.pythonhosted.org/packages/96/72/642d4f12f61816ac96777f7360d413e3977a7dd08237d196f02da681b186/glfw-2.10.0.tar.gz", hash = "sha256:801e55d8581b34df9aa2cfea43feb06ff617576e2a8cc5dac23ee75b26d10abe", size = 31475, upload-time = "2025-09-12T08:54:38.871Z" }
wheels = [
    { url = "https://files.pythonhosted.org/packages/3d/1f/a9ce08b1173b0ab625ee92f0c47a5278b3e76fd367699880d8ee7d56c338/glfw-2.10.0-py2.py27.py3.py30.py31.py32.py33.py34.py35.py36.py37.py38.p39.p310.p311.p312.p313-none-macosx_10_6_intel.whl", hash = "sha256:5f365a8c94bcea71ec91327e7c16e7cf739128479a18b8c1241b004b40acc412", size = 105329, upload-time = "2025-09-12T08:54:27.938Z" },
    { url = "https://files.pythonhosted.org/packages/7c/96/5a2220abcbd027eebcf8bedd28207a2de168899e51be13ba01ebdd4147a1/glfw-2.10.0-py2.py27.py3.py30.py31.py32.py33.py34.py35.py36.py37.py38.p39.p310.p311.p312.p313-none-macosx_11_0_arm64.whl", hash = "sha256:5328db1a92d07abd988730517ec02aa8390d3e6ef7ce98c8b57ecba2f43a39ba", size = 102179, upload-time = "2025-09-12T08:54:29.163Z" },
    { url = "https://files.pythonhosted.org/packages/9d/41/a5bd1d9e1808f400102bd7d328c4ac17b65fb2fc8014014ec6f23d02f662/glfw-2.10.0-py2.py27.py3.py30.py31.py32.py33.py34.py35.py36.py37.py38.p39.p310.p311.p312.p313-none-manylinux2014_aarch64.whl", hash = "sha256:312c4c1dd5509613ed6bc1e95a8dbb75a36b6dcc4120f50dc3892b40172e9053", size = 230039, upload-time = "2025-09-12T08:54:30.201Z" },
    { url = "https://files.pythonhosted.org/packages/80/aa/3b503c448609dee6cb4e7138b4109338f0e65b97be107ab85562269d378d/glfw-2.10.0-py2.py27.py3.py30.py31.py32.py33.py34.py35.py36.py37.py38.p39.p310.p311.p312.p313-none-manylinux2014_x86_64.whl", hash = "sha256:59c53387dc08c62e8bed86bbe3a8d53ab1b27161281ffa0e7f27b64284e2627c", size = 241984, upload-time = "2025-09-12T08:54:31.347Z" },
    { url = "https://files.pythonhosted.org/packages/ac/2d/bfe39a42cad8e80b02bf5f7cae19ba67832c1810bbd3624a8e83153d74a4/glfw-2.10.0-py2.py27.py3.py30.py31.py32.py33.py34.py35.py36.py37.py38.p39.p310.p311.p312.p313-none-manylinux_2_28_aarch64.whl", hash = "sha256:c6f292fdaf3f9a99e598ede6582d21c523a6f51f8f5e66213849101a6bcdc699", size = 231052, upload-time = "2025-09-12T08:54:32.859Z" },
    { url = "https://files.pythonhosted.org/packages/f7/02/6e639e90f181dc9127046e00d0528f9f7ad12d428972e3a5378b9aefdb0b/glfw-2.10.0-py2.py27.py3.py30.py31.py32.py33.py34.py35.py36.py37.py38.p39.p310.p311.p312.p313-none-manylinux_2_28_x86_64.whl", hash = "sha256:7916034efa867927892635733a3b6af8cd95ceb10566fd7f1e0d2763c2ee8b12", size = 243525, upload-time = "2025-09-12T08:54:34.006Z" },
]

[[package]]
name = "idna"
version = "3.11"
source = { registry = "https://pypi.org/simple" }
sdist = { url = "https://files.pythonhosted.org/packages/6f/6d/0703ccc57f3a7233505399edb88de3cbd678da106337b9fcde432b65ed60/idna-3.11.tar.gz", hash = "sha256:795dafcc9c04ed0c1fb032c2aa73654d8e8c5023a7df64a53f39190ada629902", size = 194582, upload-time = "2025-10-12T14:55:20.501Z" }
wheels = [
    { url = "https://files.pythonhosted.org/packages/0e/61/66938bbb5fc52dbdf84594873d5b51fb1f7c7794e9c0f5bd885f30bc507b/idna-3.11-py3-none-any.whl", hash = "sha256:771a87f49d9defaf64091e6e6fe9c18d4833f140bd19464795bc32d966ca37ea", size = 71008, upload-time = "2025-10-12T14:55:18.883Z" },
]

[[package]]
name = "imgui"
version = "2.0.0"
source = { registry = "https://pypi.org/simple" }
sdist = { url = "https://files.pythonhosted.org/packages/f1/aa/4abb0d3d6054da9a4390160fc25ca743a824263a9931cc6a95f30e3d75b4/imgui-2.0.0.tar.gz", hash = "sha256:2fbdb8eed3b8dbd7ea98af9e4c1c6582b0bc4da942a258de16333d8c653d67e1", size = 1473795, upload-time = "2023-04-19T16:46:44.547Z" }

[package.optional-dependencies]
glfw = [
    { name = "glfw", marker = "sys_platform == 'darwin' or sys_platform == 'linux'" },
    { name = "pyopengl", marker = "sys_platform == 'darwin' or sys_platform == 'linux'" },
]

[[package]]
name = "iniconfig"
version = "2.3.0"
source = { registry = "https://pypi.org/simple" }
sdist = { url = "https://files.pythonhosted.org/packages/72/34/14ca021ce8e5dfedc35312d08ba8bf51fdd999c576889fc2c24cb97f4f10/iniconfig-2.3.0.tar.gz", hash = "sha256:c76315c77db068650d49c5b56314774a7804df16fee4402c1f19d6d15d8c4730", size = 20503, upload-time = "2025-10-18T21:55:43.219Z" }
wheels = [
    { url = "https://files.pythonhosted.org/packages/cb/b1/3846dd7f199d53cb17f49cba7e651e9ce294d8497c8c150530ed11865bb8/iniconfig-2.3.0-py3-none-any.whl", hash = "sha256:f631c04d2c48c52b84d0d0549c99ff3859c98df65b3101406327ecc7d53fbf12", size = 7484, upload-time = "2025-10-18T21:55:41.639Z" },
]

[[package]]
name = "mido"
version = "1.3.4.dev21+geeeed615f"
source = { git = "https://github.com/mido/mido#eeeed615fab7e01079ef40c2e6f29af7f8e02d68" }
dependencies = [
    { name = "packaging", marker = "sys_platform == 'darwin' or sys_platform == 'linux'" },
]

[package.optional-dependencies]
ports-rtmidi = [
    { name = "python-rtmidi", marker = "sys_platform == 'darwin' or sys_platform == 'linux'" },
]

[[package]]
name = "numpy"
version = "2.4.0"
source = { registry = "https://pypi.org/simple" }
sdist = { url = "https://files.pythonhosted.org/packages/a4/7a/6a3d14e205d292b738db449d0de649b373a59edb0d0b4493821d0a3e8718/numpy-2.4.0.tar.gz", hash = "sha256:6e504f7b16118198f138ef31ba24d985b124c2c469fe8467007cf30fd992f934", size = 20685720, upload-time = "2025-12-20T16:18:19.023Z" }
wheels = [
    { url = "https://files.pythonhosted.org/packages/8b/ff/f6400ffec95de41c74b8e73df32e3fff1830633193a7b1e409be7fb1bb8c/numpy-2.4.0-cp312-cp312-macosx_10_13_x86_64.whl", hash = "sha256:2a8b6bb8369abefb8bd1801b054ad50e02b3275c8614dc6e5b0373c305291037", size = 16653117, upload-time = "2025-12-20T16:16:06.709Z" },
    { url = "https://files.pythonhosted.org/packages/fd/28/6c23e97450035072e8d830a3c411bf1abd1f42c611ff9d29e3d8f55c6252/numpy-2.4.0-cp312-cp312-macosx_11_0_arm64.whl", hash = "sha256:2e284ca13d5a8367e43734148622caf0b261b275673823593e3e3634a6490f83", size = 12369711, upload-time = "2025-12-20T16:16:08.758Z" },
    { url = "https://files.pythonhosted.org/packages/bc/af/acbef97b630ab1bb45e6a7d01d1452e4251aa88ce680ac36e56c272120ec/numpy-2.4.0-cp312-cp312-macosx_14_0_arm64.whl", hash = "sha256:49ff32b09f5aa0cd30a20c2b39db3e669c845589f2b7fc910365210887e39344", size = 5198355, upload-time = "2025-12-20T16:16:10.902Z" },
    { url = "https://files.pythonhosted.org/packages/c1/c8/4e0d436b66b826f2e53330adaa6311f5cac9871a5b5c31ad773b27f25a74/numpy-2.4.0-cp312-cp312-macosx_14_0_x86_64.whl", hash = "sha256:36cbfb13c152b1c7c184ddac43765db8ad672567e7bafff2cc755a09917ed2e6", size = 6545298, upload-time = "2025-12-20T16:16:12.607Z" },
    { url = "https://files.pythonhosted.org/packages/ef/27/e1f5d144ab54eac34875e79037011d511ac57b21b220063310cb96c80fbc/numpy-2.4.0-cp312-cp312-manylinux_2_27_aarch64.manylinux_2_28_aarch64.whl", hash = "sha256:35ddc8f4914466e6fc954c76527aa91aa763682a4f6d73249ef20b418fe6effb", size = 14398387, upload-time = "2025-12-20T16:16:14.257Z" },
    { url = "https://files.pythonhosted.org/packages/67/64/4cb909dd5ab09a9a5d086eff9586e69e827b88a5585517386879474f4cf7/numpy-2.4.0-cp312-cp312-manylinux_2_27_x86_64.manylinux_2_28_x86_64.whl", hash = "sha256:dc578891de1db95b2a35001b695451767b580bb45753717498213c5ff3c41d63", size = 16363091, upload-time = "2025-12-20T16:16:17.32Z" },
    { url = "https://files.pythonhosted.org/packages/9d/9c/8efe24577523ec6809261859737cf117b0eb6fdb655abdfdc81b2e468ce4/numpy-2.4.0-cp312-cp312-musllinux_1_2_aarch64.whl", hash = "sha256:98e81648e0b36e325ab67e46b5400a7a6d4a22b8a7c8e8bbfe20e7db7906bf95", size = 16176394, upload-time = "2025-12-20T16:16:19.524Z" },
    { url = "https://files.pythonhosted.org/packages/61/f0/1687441ece7b47a62e45a1f82015352c240765c707928edd8aef875d5951/numpy-2.4.0-cp312-cp312-musllinux_1_2_x86_64.whl", hash = "sha256:d57b5046c120561ba8fa8e4030fbb8b822f3063910fa901ffadf16e2b7128ad6", size = 18287378, upload-time = "2025-12-20T16:16:22.866Z" },
]

[[package]]
name = "packaging"
version = "25.0"
source = { registry = "https://pypi.org/simple" }
sdist = { url = "https://files.pythonhosted.org/packages/a1/d4/1fc4078c65507b51b96ca8f8c3ba19e6a61c8253c72794544580a7b6c24d/packaging-25.0.tar.gz", hash = "sha256:d443872c98d677bf60f6a1f2f8c1cb748e8fe762d2bf9d3148b5599295b0fc4f", size = 165727, upload-time = "2025-04-19T11:48:59.673Z" }
wheels = [
    { url = "https://files.pythonhosted.org/packages/20/12/38679034af332785aac8774540895e234f4d07f7545804097de4b666afd8/packaging-25.0-py3-none-any.whl", hash = "sha256:29572ef2b1f17581046b3a2227d5c611fb25ec70ca1ba8554b24b0e69331a484", size = 66469, upload-time = "2025-04-19T11:48:57.875Z" },
]

[[package]]
name = "pluggy"
version = "1.6.0"
source = { registry = "https://pypi.org/simple" }
sdist = { url = "https://files.pythonhosted.org/packages/f9/e2/3e91f31a7d2b083fe6ef3fa267035b518369d9511ffab804f839851d2779/pluggy-1.6.0.tar.gz", hash = "sha256:7dcc130b76258d33b90f61b658791dede3486c3e6bfb003ee5c9bfb396dd22f3", size = 69412, upload-time = "2025-05-15T12:30:07.975Z" }
wheels = [
    { url = "https://files.pythonhosted.org/packages/54/20/4d324d65cc6d9205fabedc306948156824eb9f0ee1633355a8f7ec5c66bf/pluggy-1.6.0-py3-none-any.whl", hash = "sha256:e920276dd6813095e9377c0bc5566d94c932c33b27a3e3945d8389c374dd4746", size = 20538, upload-time = "2025-05-15T12:30:06.134Z" },
]

[[package]]
name = "pyaudio"
version = "0.2.14"
source = { registry = "https://pypi.org/simple" }
sdist = { url = "https://files.pythonhosted.org/packages/26/1d/8878c7752febb0f6716a7e1a52cb92ac98871c5aa522cba181878091607c/PyAudio-0.2.14.tar.gz", hash = "sha256:78dfff3879b4994d1f4fc6485646a57755c6ee3c19647a491f790a0895bd2f87", size = 47066, upload-time = "2023-11-07T07:11:48.806Z" }

[[package]]
name = "pygments"
version = "2.19.2"
source = { registry = "https://pypi.org/simple" }
sdist = { url = "https://files.pythonhosted.org/packages/b0/77/a5b8c569bf593b0140bde72ea885a803b82086995367bf2037de0159d924/pygments-2.19.2.tar.gz", hash = "sha256:636cb2477cec7f8952536970bc533bc43743542f70392ae026374600add5b887", size = 4968631, upload-time = "2025-06-21T13:39:12.283Z" }
wheels = [
    { url = "https://files.pythonhosted.org/packages/c7/21/705964c7812476f378728bdf590ca4b771ec72385c533964653c68e86bdc/pygments-2.19.2-py3-none-any.whl", hash = "sha256:86540386c03d588bb81d44bc3928634ff26449851e99741617ecb9037ee5ec0b", size = 1225217, upload-time = "2025-06-21T13:39:07.939Z" },
]

[[package]]
name = "pyimgui-stubs"
version = "0.0.3"
source = { git = "https://github.com/phistep/pyimgui-stubs?branch=plot_histogram#8edb6b9a1283b879cebc59421ac063e1c9d67e65" }

[[package]]
name = "pyopengl"
version = "3.1.10"
source = { registry = "https://pypi.org/simple" }
sdist = { url = "https://files.pythonhosted.org/packages/6f/16/912b7225d56284859cd9a672827f18be43f8012f8b7b932bc4bd959a298e/pyopengl-3.1.10.tar.gz", hash = "sha256:c4a02d6866b54eb119c8e9b3fb04fa835a95ab802dd96607ab4cdb0012df8335", size = 1915580, upload-time = "2025-08-18T02:33:01.76Z" }
wheels = [
    { url = "https://files.pythonhosted.org/packages/de/e4/1ba6f44e491c4eece978685230dde56b14d51a0365bc1b774ddaa94d14cd/pyopengl-3.1.10-py3-none-any.whl", hash = "sha256:794a943daced39300879e4e47bd94525280685f42dbb5a998d336cfff151d74f", size = 3194996, upload-time = "2025-08-18T02:32:59.902Z" },
]

[[package]]
name = "pytest"
version = "9.0.2"
source = { registry = "https://pypi.org/simple" }
dependencies = [
    { name = "iniconfig", marker = "sys_platform == 'darwin' or sys_platform == 'linux'" },
    { name = "packaging", marker = "sys_platform == 'darwin' or sys_platform == 'linux'" },
    { name = "pluggy", marker = "sys_platform == 'darwin' or sys_platform == 'linux'" },
    { name = "pygments", marker = "sys_platform == 'darwin' or sys_platform == 'linux'" },
]
sdist = { url = "https://files.pythonhosted.org/packages/d1/db/7ef3487e0fb0049ddb5ce41d3a49c235bf9ad299b6a25d5780a89f19230f/pytest-9.0.2.tar.gz", hash = "sha256:75186651a92bd89611d1d9fc20f0b4345fd827c41ccd5c299a868a05d70edf11", size = 1568901, upload-time = "2025-12-06T21:30:51.014Z" }
wheels = [
    { url = "https://files.pythonhosted.org/packages/3b/ab/b3226f0bd7cdcf710fbede2b3548584366da3b19b5021e74f5bde2a8fa3f/pytest-9.0.2-py3-none-any.whl", hash = "sha256:711ffd45bf766d5264d487b917733b453d917afd2b0ad65223959f59089f875b", size = 374801, upload-time = "2025-12-06T21:30:49.154Z" },
]

[[package]]
name = "python-rtmidi"
version = "1.5.8"
source = { registry = "https://pypi.org/simple" }
sdist = { url = "https://files.pythonhosted.org/packages/dd/ee/0f91965dcc471714c69df21e5ca3d94dc81411b7dee2d31ff1184bea07c9/python_rtmidi-1.5.8.tar.gz", hash = "sha256:7f9ade68b068ae09000ecb562ae9521da3a234361ad5449e83fc734544d004fa", size = 368130, upload-time = "2023-11-20T21:55:02.192Z" }
wheels = [
    { url = "https://files.pythonhosted.org/packages/51/27/887b0378e0a907489a07bdeb808fa5ed349675245c6ee14d9f6d00304f96/python_rtmidi-1.5.8-cp312-cp312-macosx_10_9_x86_64.whl", hash = "sha256:5443634597eb340cdec0734f76267a827c2d366f00a6f9195141c78828016ac2", size = 158861, upload-time = "2023-11-20T21:54:39.549Z" },
    { url = "https://files.pythonhosted.org/packages/4d/ec/57cecde253daab896ce53778520cd41eb062641862ebdb0ee6f97511b1d9/python_rtmidi-1.5.8-cp312-cp312-macosx_11_0_arm64.whl", hash = "sha256:29d9c9d9f82ce679fecad7bb4cb79f3a24574ea84600e377194b4cc1baacec0e", size = 153416, upload-time = "2023-11-20T21:54:40.835Z" },
    { url = "https://files.pythonhosted.org/packages/6f/5b/dc19c53d9d512b74dc2cca3725591cc612b9465645695a0696352a8c8b54/python_rtmidi-1.5.8-cp312-cp312-manylinux_2_28_aarch64.whl", hash = "sha256:25f5a5db7be98911c41ca5bebb262fcf9a7c89600b88fd3c207ceafd3101e721", size = 305696, upload-time = "2023-11-20T21:54:42.037Z" },
    { url = "https://files.pythonhosted.org/packages/f6/92/5a60f56dfb2740e644e932233928947423cd2101895319b331f84527eb31/python_rtmidi-1.5.8-cp312-cp312-manylinux_2_28_x86_64.whl", hash = "sha256:cec30924e305f55284594ccf35a71dee7216fd308dfa2dec1b3ed03e6f243803", size = 315579, upload-time = "2023-11-20T21:54:43.339Z" },
]

[[package]]
name = "requests"
version = "2.32.5"
source = { registry = "https://pypi.org/simple" }
dependencies = [
    { name = "certifi", marker = "sys_platform == 'darwin' or sys_platform == 'linux'" },
    { name = "charset-normalizer", marker = "sys_platform == 'darwin' or sys_platform == 'linux'" },
    { name = "idna", marker = "sys_platform == 'darwin' or sys_platform == 'linux'" },
    { name = "urllib3", marker = "sys_platform == 'darwin' or sys_platform == 'linux'" },
]
sdist = { url = "https://files.pythonhosted.org/packages/c9/74/b3ff8e6c8446842c3f5c837e9c3dfcfe2018ea6ecef224c710c85ef728f4/requests-2.32.5.tar.gz", hash = "sha256:dbba0bac56e100853db0ea71b82b4dfd5fe2bf6d3754a8893c3af500cec7d7cf", size = 134517, upload-time = "2025-08-18T20:46:02.573Z" }
wheels = [
    { url = "https://files.pythonhosted.org/packages/1e/db/4254e3eabe8020b458f1a747140d32277ec7a271daf1d235b70dc0b4e6e3/requests-2.32.5-py3-none-any.whl", hash = "sha256:2462f94637a34fd532264295e186976db0f5d453d1cdd31473c85a6a161affb6", size = 64738, upload-time = "2025-08-18T20:46:00.542Z" },
]

[[package]]
name = "ruff"
version = "0.14.10"
source = { registry = "https://pypi.org/simple" }
sdist = { url = "https://files.pythonhosted.org/packages/57/08/52232a877978dd8f9cf2aeddce3e611b40a63287dfca29b6b8da791f5e8d/ruff-0.14.10.tar.gz", hash = "sha256:9a2e830f075d1a42cd28420d7809ace390832a490ed0966fe373ba288e77aaf4", size = 5859763, upload-time = "2025-12-18T19:28:57.98Z" }
wheels = [
    { url = "https://files.pythonhosted.org/packages/60/01/933704d69f3f05ee16ef11406b78881733c186fe14b6a46b05cfcaf6d3b2/ruff-0.14.10-py3-none-linux_armv6l.whl", hash = "sha256:7a3ce585f2ade3e1f29ec1b92df13e3da262178df8c8bdf876f48fa0e8316c49", size = 13527080, upload-time = "2025-12-18T19:29:25.642Z" },
    { url = "https://files.pythonhosted.org/packages/df/58/a0349197a7dfa603ffb7f5b0470391efa79ddc327c1e29c4851e85b09cc5/ruff-0.14.10-py3-none-macosx_10_12_x86_64.whl", hash = "sha256:674f9be9372907f7257c51f1d4fc902cb7cf014b9980152b802794317941f08f", size = 13797320, upload-time = "2025-12-18T19:29:02.571Z" },
    { url = "https://files.pythonhosted.org/packages/7b/82/36be59f00a6082e38c23536df4e71cdbc6af8d7c707eade97fcad5c98235/ruff-0.14.10-py3-none-macosx_11_0_arm64.whl", hash = "sha256:d85713d522348837ef9df8efca33ccb8bd6fcfc86a2cde3ccb4bc9d28a18003d", size = 12918434, upload-time = "2025-12-18T19:28:51.202Z" },
    { url = "https://files.pythonhosted.org/packages/a6/00/45c62a7f7e34da92a25804f813ebe05c88aa9e0c25e5cb5a7d23dd7450e3/ruff-0.14.10-py3-none-manylinux_2_17_aarch64.manylinux2014_aarch64.whl", hash = "sha256:6987ebe0501ae4f4308d7d24e2d0fe3d7a98430f5adfd0f1fead050a740a3a77", size = 13371961, upload-time = "2025-12-18T19:29:04.991Z" },
    { url = "https://files.pythonhosted.org/packages/40/31/a5906d60f0405f7e57045a70f2d57084a93ca7425f22e1d66904769d1628/ruff-0.14.10-py3-none-manylinux_2_17_armv7l.manylinux2014_armv7l.whl", hash = "sha256:16a01dfb7b9e4eee556fbfd5392806b1b8550c9b4a9f6acd3dbe6812b193c70a", size = 13275629, upload-time = "2025-12-18T19:29:21.381Z" },
    { url = "https://files.pythonhosted.org/packages/3e/60/61c0087df21894cf9d928dc04bcd4fb10e8b2e8dca7b1a276ba2155b2002/ruff-0.14.10-py3-none-manylinux_2_17_i686.manylinux2014_i686.whl", hash = "sha256:7165d31a925b7a294465fa81be8c12a0e9b60fb02bf177e79067c867e71f8b1f", size = 14029234, upload-time = "2025-12-18T19:29:00.132Z" },
    { url = "https://files.pythonhosted.org/packages/44/84/77d911bee3b92348b6e5dab5a0c898d87084ea03ac5dc708f46d88407def/ruff-0.14.10-py3-none-manylinux_2_17_ppc64.manylinux2014_ppc64.whl", hash = "sha256:c561695675b972effb0c0a45db233f2c816ff3da8dcfbe7dfc7eed625f218935", size = 15449890, upload-time = "2025-12-18T19:28:53.573Z" },
    { url = "https://files.pythonhosted.org/packages/e9/36/480206eaefa24a7ec321582dda580443a8f0671fdbf6b1c80e9c3e93a16a/ruff-0.14.10-py3-none-manylinux_2_17_ppc64le.manylinux2014_ppc64le.whl", hash = "sha256:4bb98fcbbc61725968893682fd4df8966a34611239c9fd07a1f6a07e7103d08e", size = 15123172, upload-time = "2025-12-18T19:29:23.453Z" },
    { url = "https://files.pythonhosted.org/packages/5c/38/68e414156015ba80cef5473d57919d27dfb62ec804b96180bafdeaf0e090/ruff-0.14.10-py3-none-manylinux_2_17_s390x.manylinux2014_s390x.whl", hash = "sha256:f24b47993a9d8cb858429e97bdf8544c78029f09b520af615c1d261bf827001d", size = 14460260, upload-time = "2025-12-18T19:29:27.808Z" },
    { url = "https://files.pythonhosted.org/packages/b3/19/9e050c0dca8aba824d67cc0db69fb459c28d8cd3f6855b1405b3f29cc91d/ruff-0.14.10-py3-none-manylinux_2_17_x86_64.manylinux2014_x86_64.whl", hash = "sha256:59aabd2e2c4fd614d2862e7939c34a532c04f1084476d6833dddef4afab87e9f", size = 14229978, upload-time = "2025-12-18T19:29:11.32Z" },
    { url = "https://files.pythonhosted.org/packages/51/eb/e8dd1dd6e05b9e695aa9dd420f4577debdd0f87a5ff2fedda33c09e9be8c/ruff-0.14.10-py3-none-manylinux_2_31_riscv64.whl", hash = "sha256:213db2b2e44be8625002dbea33bb9c60c66ea2c07c084a00d55732689d697a7f", size = 14338036, upload-time = "2025-12-18T19:29:09.184Z" },
    { url = "https://files.pythonhosted.org/packages/6a/12/f3e3a505db7c19303b70af370d137795fcfec136d670d5de5391e295c134/ruff-0.14.10-py3-none-musllinux_1_2_aarch64.whl", hash = "sha256:b914c40ab64865a17a9a5b67911d14df72346a634527240039eb3bd650e5979d", size = 13264051, upload-time = "2025-12-18T19:29:13.431Z" },
    { url = "https://files.pythonhosted.org/packages/08/64/8c3a47eaccfef8ac20e0484e68e0772013eb85802f8a9f7603ca751eb166/ruff-0.14.10-py3-none-musllinux_1_2_armv7l.whl", hash = "sha256:1484983559f026788e3a5c07c81ef7d1e97c1c78ed03041a18f75df104c45405", size = 13283998, upload-time = "2025-12-18T19:29:06.994Z" },
    { url = "https://files.pythonhosted.org/packages/12/84/534a5506f4074e5cc0529e5cd96cfc01bb480e460c7edf5af70d2bcae55e/ruff-0.14.10-py3-none-musllinux_1_2_i686.whl", hash = "sha256:c70427132db492d25f982fffc8d6c7535cc2fd2c83fc8888f05caaa248521e60", size = 13601891, upload-time = "2025-12-18T19:28:55.811Z" },
    { url = "https://files.pythonhosted.org/packages/0d/1e/14c916087d8598917dbad9b2921d340f7884824ad6e9c55de948a93b106d/ruff-0.14.10-py3-none-musllinux_1_2_x86_64.whl", hash = "sha256:5bcf45b681e9f1ee6445d317ce1fa9d6cba9a6049542d1c3d5b5958986be8830", size = 14336660, upload-time = "2025-12-18T19:29:16.531Z" },
]

[[package]]
name = "ty"
version = "0.0.8"
source = { registry = "https://pypi.org/simple" }
sdist = { url = "https://files.pythonhosted.org/packages/72/9d/59e955cc39206a0d58df5374808785c45ec2a8a2a230eb1638fbb4fe5c5d/ty-0.0.8.tar.gz", hash = "sha256:352ac93d6e0050763be57ad1e02087f454a842887e618ec14ac2103feac48676", size = 4828477, upload-time = "2025-12-29T13:50:07.193Z" }
wheels = [
    { url = "https://files.pythonhosted.org/packages/69/2b/dd61f7e50a69c72f72c625d026e9ab64a0db62b2dd32e7426b520e2429c6/ty-0.0.8-py3-none-linux_armv6l.whl", hash = "sha256:a289d033c5576fa3b4a582b37d63395edf971cdbf70d2d2e6b8c95638d1a4fcd", size = 9853417, upload-time = "2025-12-29T13:50:08.979Z" },
    { url = "https://files.pythonhosted.org/packages/90/72/3f1d3c64a049a388e199de4493689a51fc6aa5ff9884c03dea52b4966657/ty-0.0.8-py3-none-macosx_10_12_x86_64.whl", hash = "sha256:788ea97dc8153a94e476c4d57b2551a9458f79c187c4aba48fcb81f05372924a", size = 9657890, upload-time = "2025-12-29T13:50:27.867Z" },
    { url = "https://files.pythonhosted.org/packages/71/d1/08ac676bd536de3c2baba0deb60e67b3196683a2fabebfd35659d794b5e9/ty-0.0.8-py3-none-macosx_11_0_arm64.whl", hash = "sha256:1b5f1f3d3e230f35a29e520be7c3d90194a5229f755b721e9092879c00842d31", size = 9180129, upload-time = "2025-12-29T13:50:22.842Z" },
    { url = "https://files.pythonhosted.org/packages/af/93/610000e2cfeea1875900f73a375ba917624b0a008d4b8a6c18c894c8dbbc/ty-0.0.8-py3-none-manylinux_2_17_aarch64.manylinux2014_aarch64.whl", hash = "sha256:6da9ed377fbbcec0a3b60b2ca5fd30496e15068f47cef2344ba87923e78ba996", size = 9683517, upload-time = "2025-12-29T13:50:18.658Z" },
    { url = "https://files.pythonhosted.org/packages/05/04/bef50ba7d8580b0140be597de5cc0ba9a63abe50d3f65560235f23658762/ty-0.0.8-py3-none-manylinux_2_17_armv7l.manylinux2014_armv7l.whl", hash = "sha256:7d0a2bdce5e701d19eb8d46d9da0fe31340f079cecb7c438f5ac6897c73fc5ba", size = 9676279, upload-time = "2025-12-29T13:50:25.207Z" },
    { url = "https://files.pythonhosted.org/packages/aa/b9/2aff1ef1f41b25898bc963173ae67fc8f04ca666ac9439a9c4e78d5cc0ff/ty-0.0.8-py3-none-manylinux_2_17_i686.manylinux2014_i686.whl", hash = "sha256:ef9078799d26d3cc65366e02392e2b78f64f72911b599e80a8497d2ec3117ddb", size = 10073015, upload-time = "2025-12-29T13:50:35.422Z" },
    { url = "https://files.pythonhosted.org/packages/df/0e/9feb6794b6ff0a157c3e6a8eb6365cbfa3adb9c0f7976e2abdc48615dd72/ty-0.0.8-py3-none-manylinux_2_17_ppc64.manylinux2014_ppc64.whl", hash = "sha256:54814ac39b4ab67cf111fc0a236818155cf49828976152378347a7678d30ee89", size = 10961649, upload-time = "2025-12-29T13:49:58.717Z" },
    { url = "https://files.pythonhosted.org/packages/f4/3b/faf7328b14f00408f4f65c9d01efe52e11b9bcc4a79e06187b370457b004/ty-0.0.8-py3-none-manylinux_2_17_ppc64le.manylinux2014_ppc64le.whl", hash = "sha256:c4baf0a80398e8b6c68fa36ff85045a50ede1906cd4edb41fb4fab46d471f1d4", size = 10676190, upload-time = "2025-12-29T13:50:01.11Z" },
    { url = "https://files.pythonhosted.org/packages/64/a5/cfeca780de7eeab7852c911c06a84615a174d23e9ae08aae42a645771094/ty-0.0.8-py3-none-manylinux_2_17_s390x.manylinux2014_s390x.whl", hash = "sha256:ac8e23c3faefc579686799ef1649af8d158653169ad5c3a7df56b152781eeb67", size = 10438641, upload-time = "2025-12-29T13:50:29.664Z" },
    { url = "https://files.pythonhosted.org/packages/0e/8d/8667c7e0ac9f13c461ded487c8d7350f440cd39ba866d0160a8e1b1efd6c/ty-0.0.8-py3-none-manylinux_2_17_x86_64.manylinux2014_x86_64.whl", hash = "sha256:b558a647a073d0c25540aaa10f8947de826cb8757d034dd61ecf50ab8dbd77bf", size = 10214082, upload-time = "2025-12-29T13:50:31.531Z" },
    { url = "https://files.pythonhosted.org/packages/f8/11/e563229870e2c1d089e7e715c6c3b7605a34436dddf6f58e9205823020c2/ty-0.0.8-py3-none-musllinux_1_2_aarch64.whl", hash = "sha256:8c0104327bf480508bd81f320e22074477df159d9eff85207df39e9c62ad5e96", size = 9664364, upload-time = "2025-12-29T13:50:05.443Z" },
    { url = "https://files.pythonhosted.org/packages/b1/ad/05b79b778bf5237bcd7ee08763b226130aa8da872cbb151c8cfa2e886203/ty-0.0.8-py3-none-musllinux_1_2_armv7l.whl", hash = "sha256:496f1cb87261dd1a036a5609da80ee13de2e6ee4718a661bfa2afb91352fe528", size = 9679440, upload-time = "2025-12-29T13:50:11.289Z" },
    { url = "https://files.pythonhosted.org/packages/12/b5/23ba887769c4a7b8abfd1b6395947dc3dcc87533fbf86379d3a57f87ae8f/ty-0.0.8-py3-none-musllinux_1_2_i686.whl", hash = "sha256:2c488031f92a075ae39d13ac6295fdce2141164ec38c5d47aa8dc24ee3afa37e", size = 9808201, upload-time = "2025-12-29T13:50:21.003Z" },
    { url = "https://files.pythonhosted.org/packages/f8/90/5a82ac0a0707db55376922aed80cd5fca6b2e6d6e9bcd8c286e6b43b4084/ty-0.0.8-py3-none-musllinux_1_2_x86_64.whl", hash = "sha256:90d6f08c5982fa3e802b8918a32e326153519077b827f91c66eea4913a86756a", size = 10313262, upload-time = "2025-12-29T13:50:03.306Z" },
]

[[package]]
name = "typing-extensions"
version = "4.15.0"
source = { registry = "https://pypi.org/simple" }
sdist = { url = "https://files.pythonhosted.org/packages/72/94/1a15dd82efb362ac84269196e94cf00f187f7ed21c242792a923cdb1c61f/typing_extensions-4.15.0.tar.gz", hash = "sha256:0cea48d173cc12fa28ecabc3b837ea3cf6f38c6d1136f85cbaaf598984861466", size = 109391, upload-time = "2025-08-25T13:49:26.313Z" }
wheels = [
    { url = "https://files.pythonhosted.org/packages/18/67/36e9267722cc04a6b9f15c7f3441c2363321a3ea07da7ae0c0707beb2a9c/typing_extensions-4.15.0-py3-none-any.whl", hash = "sha256:f0fa19c6845758ab08074a0cfa8b7aecb71c999ca73d62883bc25cc018c4e548", size = 44614, upload-time = "2025-08-25T13:49:24.86Z" },
]

[[package]]
name = "urllib3"
version = "2.6.2"
source = { registry = "https://pypi.org/simple" }
sdist = { url = "https://files.pythonhosted.org/packages/1e/24/a2a2ed9addd907787d7aa0355ba36a6cadf1768b934c652ea78acbd59dcd/urllib3-2.6.2.tar.gz", hash = "sha256:016f9c98bb7e98085cb2b4b17b87d2c702975664e4f060c6532e64d1c1a5e797", size = 432930, upload-time = "2025-12-11T15:56:40.252Z" }
wheels = [
    { url = "https://files.pythonhosted.org/packages/6d/b9/4095b668ea3678bf6a0af005527f39de12fb026516fb3df17495a733b7f8/urllib3-2.6.2-py3-none-any.whl", hash = "sha256:ec21cddfe7724fc7cb4ba4bea7aa8e2ef36f607a4bab81aa6ce42a13dc3f03dd", size = 131182, upload-time = "2025-12-11T15:56:38.584Z" },
]

[[package]]
name = "vhsh"
source = { editable = "." }
dependencies = [
    { name = "glfw", marker = "sys_platform == 'darwin' or sys_platform == 'linux'" },
    { name = "imgui", extra = ["glfw"], marker = "sys_platform == 'darwin' or sys_platform == 'linux'" },
    { name = "numpy", marker = "sys_platform == 'darwin' or sys_platform == 'linux'" },
    { name = "pyopengl", marker = "sys_platform == 'darwin' or sys_platform == 'linux'" },
]

[package.optional-dependencies]
all = [
    { name = "mido", extra = ["ports-rtmidi"], marker = "sys_platform == 'darwin' or sys_platform == 'linux'" },
    { name = "pyaudio", marker = "sys_platform == 'darwin' or sys_platform == 'linux'" },
    { name = "requests", marker = "sys_platform == 'darwin' or sys_platform == 'linux'" },
    { name = "watchfiles", marker = "sys_platform == 'darwin' or sys_platform == 'linux'" },
]
audio = [
    { name = "pyaudio", marker = "sys_platform == 'darwin' or sys_platform == 'linux'" },
]
import = [
    { name = "requests", marker = "sys_platform == 'darwin' or sys_platform == 'linux'" },
]
midi = [
    { name = "mido", extra = ["ports-rtmidi"], marker = "sys_platform == 'darwin' or sys_platform == 'linux'" },
]
watch = [
    { name = "watchfiles", marker = "sys_platform == 'darwin' or sys_platform == 'linux'" },
]

[package.dev-dependencies]
dev = [
    { name = "mido", marker = "sys_platform == 'darwin' or sys_platform == 'linux'" },
    { name = "pyimgui-stubs", marker = "sys_platform == 'darwin' or sys_platform == 'linux'" },
    { name = "ruff", marker = "sys_platform == 'darwin' or sys_platform == 'linux'" },
    { name = "ty", marker = "sys_platform == 'darwin' or sys_platform == 'linux'" },
    { name = "vulture", marker = "sys_platform == 'darwin' or sys_platform == 'linux'" },
]
test = [
    { name = "pytest", marker = "sys_platform == 'darwin' or sys_platform == 'linux'" },
]

[package.metadata]
requires-dist = [
    { name = "glfw" },
    { name = "imgui", extras = ["glfw"] },
    { name = "mido", extras = ["ports-rtmidi"], marker = "extra == 'midi'" },
    { name = "numpy" },
    { name = "pyaudio", marker = "extra == 'audio'" },
    { name = "pyopengl" },
    { name = "requests", marker = "extra == 'import'" },
    { name = "vhsh", extras = ["audio", "import", "midi", "watch"], marker = "extra == 'all'" },
    { name = "watchfiles", marker = "extra == 'watch'" },
]
provides-extras = ["all", "watch", "midi", "audio", "import"]

[package.metadata.requires-dev]
dev = [
    { name = "mido", git = "https://github.com/mido/mido" },
    { name = "pyimgui-stubs", git = "https://github.com/phistep/pyimgui-stubs?branch=plot_histogram" },
    { name = "ruff" },
    { name = "ty" },
    { name = "vulture", specifier = ">=2.14" },
]
test = [{ name = "pytest" }]

[[package]]
name = "vulture"
version = "2.14"
source = { registry = "https://pypi.org/simple" }
sdist = { url = "https://files.pythonhosted.org/packages/8e/25/925f35db758a0f9199113aaf61d703de891676b082bd7cf73ea01d6000f7/vulture-2.14.tar.gz", hash = "sha256:cb8277902a1138deeab796ec5bef7076a6e0248ca3607a3f3dee0b6d9e9b8415", size = 58823, upload-time = "2024-12-08T17:39:43.319Z" }
wheels = [
    { url = "https://files.pythonhosted.org/packages/a0/56/0cc15b8ff2613c1d5c3dc1f3f576ede1c43868c1bc2e5ccaa2d4bcd7974d/vulture-2.14-py2.py3-none-any.whl", hash = "sha256:d9a90dba89607489548a49d557f8bac8112bd25d3cbc8aeef23e860811bd5ed9", size = 28915, upload-time = "2024-12-08T17:39:40.573Z" },
]

[[package]]
name = "watchfiles"
version = "1.1.1"
source = { registry = "https://pypi.org/simple" }
dependencies = [
    { name = "anyio", marker = "sys_platform == 'darwin' or sys_platform == 'linux'" },
]
sdist = { url = "https://files.pythonhosted.org/packages/c2/c9/8869df9b2a2d6c59d79220a4db37679e74f807c559ffe5265e08b227a210/watchfiles-1.1.1.tar.gz", hash = "sha256:a173cb5c16c4f40ab19cecf48a534c409f7ea983ab8fed0741304a1c0a31b3f2", size = 94440, upload-time = "2025-10-14T15:06:21.08Z" }
wheels = [
    { url = "https://files.pythonhosted.org/packages/74/d5/f039e7e3c639d9b1d09b07ea412a6806d38123f0508e5f9b48a87b0a76cc/watchfiles-1.1.1-cp312-cp312-macosx_10_12_x86_64.whl", hash = "sha256:8c89f9f2f740a6b7dcc753140dd5e1ab9215966f7a3530d0c0705c83b401bd7d", size = 404745, upload-time = "2025-10-14T15:04:46.731Z" },
    { url = "https://files.pythonhosted.org/packages/a5/96/a881a13aa1349827490dab2d363c8039527060cfcc2c92cc6d13d1b1049e/watchfiles-1.1.1-cp312-cp312-macosx_11_0_arm64.whl", hash = "sha256:bd404be08018c37350f0d6e34676bd1e2889990117a2b90070b3007f172d0610", size = 391769, upload-time = "2025-10-14T15:04:48.003Z" },
    { url = "https://files.pythonhosted.org/packages/4b/5b/d3b460364aeb8da471c1989238ea0e56bec24b6042a68046adf3d9ddb01c/watchfiles-1.1.1-cp312-cp312-manylinux_2_17_aarch64.manylinux2014_aarch64.whl", hash = "sha256:8526e8f916bb5b9a0a777c8317c23ce65de259422bba5b31325a6fa6029d33af", size = 449374, upload-time = "2025-10-14T15:04:49.179Z" },
    { url = "https://files.pythonhosted.org/packages/b9/44/5769cb62d4ed055cb17417c0a109a92f007114a4e07f30812a73a4efdb11/watchfiles-1.1.1-cp312-cp312-manylinux_2_17_armv7l.manylinux2014_armv7l.whl", hash = "sha256:2edc3553362b1c38d9f06242416a5d8e9fe235c204a4072e988ce2e5bb1f69f6", size = 459485, upload-time = "2025-10-14T15:04:50.155Z" },
    { url = "https://files.pythonhosted.org/packages/19/0c/286b6301ded2eccd4ffd0041a1b726afda999926cf720aab63adb68a1e36/watchfiles-1.1.1-cp312-cp312-manylinux_2_17_i686.manylinux2014_i686.whl", hash = "sha256:30f7da3fb3f2844259cba4720c3fc7138eb0f7b659c38f3bfa65084c7fc7abce", size = 488813, upload-time = "2025-10-14T15:04:51.059Z" },
    { url = "https://files.pythonhosted.org/packages/c7/2b/8530ed41112dd4a22f4dcfdb5ccf6a1baad1ff6eed8dc5a5f09e7e8c41c7/watchfiles-1.1.1-cp312-cp312-manylinux_2_17_ppc64le.manylinux2014_ppc64le.whl", hash = "sha256:f8979280bdafff686ba5e4d8f97840f929a87ed9cdf133cbbd42f7766774d2aa", size = 594816, upload-time = "2025-10-14T15:04:52.031Z" },
    { url = "https://files.pythonhosted.org/packages/ce/d2/f5f9fb49489f184f18470d4f99f4e862a4b3e9ac2865688eb2099e3d837a/watchfiles-1.1.1-cp312-cp312-manylinux_2_17_s390x.manylinux2014_s390x.whl", hash = "sha256:dcc5c24523771db3a294c77d94771abcfcb82a0e0ee8efd910c37c59ec1b31bb", size = 475186, upload-time = "2025-10-14T15:04:53.064Z" },
    { url = "https://files.pythonhosted.org/packages/cf/68/5707da262a119fb06fbe214d82dd1fe4a6f4af32d2d14de368d0349eb52a/watchfiles-1.1.1-cp312-cp312-manylinux_2_17_x86_64.manylinux2014_x86_64.whl", hash = "sha256:1db5d7ae38ff20153d542460752ff397fcf5c96090c1230803713cf3147a6803", size = 456812, upload-time = "2025-10-14T15:04:55.174Z" },
    { url = "https://files.pythonhosted.org/packages/66/ab/3cbb8756323e8f9b6f9acb9ef4ec26d42b2109bce830cc1f3468df20511d/watchfiles-1.1.1-cp312-cp312-musllinux_1_1_aarch64.whl", hash = "sha256:28475ddbde92df1874b6c5c8aaeb24ad5be47a11f87cde5a28ef3835932e3e94", size = 630196, upload-time = "2025-10-14T15:04:56.22Z" },
    { url = "https://files.pythonhosted.org/packages/78/46/7152ec29b8335f80167928944a94955015a345440f524d2dfe63fc2f437b/watchfiles-1.1.1-cp312-cp312-musllinux_1_1_x86_64.whl", hash = "sha256:36193ed342f5b9842edd3532729a2ad55c4160ffcfa3700e0d54be496b70dd43", size = 622657, upload-time = "2025-10-14T15:04:57.521Z" },
]
